
Microsoft Visual Studio Solution File, Format Version 12.00
# Visual Studio Version 17
VisualStudioVersion = 17.3.32922.545
MinimumVisualStudioVersion = 10.0.40219.1
Project("{FAE04EC0-301F-11D3-BF4B-00C04F79EFBC}") = "WebApplication1", "WebApplication1\WebApplication1.csproj", "{5027B324-B151-4CB3-9F86-310E8C37BE8C}"
EndProject
Project("{FAE04EC0-301F-11D3-BF4B-00C04F79EFBC}") = "dataaccesslayer", "dataaccesslayer\dataaccesslayer.csproj", "{32AB83A6-225E-4310-B762-EE0ED15D8404}"
EndProject
Global
	GlobalSection(SolutionConfigurationPlatforms) = preSolution
		Debug|Any CPU = Debug|Any CPU
		Release|Any CPU = Release|Any CPU
	EndGlobalSection
	GlobalSection(ProjectConfigurationPlatforms) = postSolution
		{5027B324-B151-4CB3-9F86-310E8C37BE8C}.Debug|Any CPU.ActiveCfg = Debug|Any CPU
		{5027B324-B151-4CB3-9F86-310E8C37BE8C}.Debug|Any CPU.Build.0 = Debug|Any CPU
		{5027B324-B151-4CB3-9F86-310E8C37BE8C}.Release|Any CPU.ActiveCfg = Release|Any CPU
		{5027B324-B151-4CB3-9F86-310E8C37BE8C}.Release|Any CPU.Build.0 = Release|Any CPU
		{32AB83A6-225E-4310-B762-EE0ED15D8404}.Debug|Any CPU.ActiveCfg = Debug|Any CPU
		{32AB83A6-225E-4310-B762-EE0ED15D8404}.Debug|Any CPU.Build.0 = Debug|Any CPU
		{32AB83A6-225E-4310-B762-EE0ED15D8404}.Release|Any CPU.ActiveCfg = Release|Any CPU
		{32AB83A6-225E-4310-B762-EE0ED15D8404}.Release|Any CPU.Build.0 = Release|Any CPU
	EndGlobalSection
	GlobalSection(SolutionProperties) = preSolution
		HideSolutionNode = FALSE
	EndGlobalSection
	GlobalSection(ExtensibilityGlobals) = postSolution
		SolutionGuid = {58F0BD93-3084-425A-A851-EB095B596E76}
	EndGlobalSection
EndGlobal
